
Microsoft Visual Studio Solution File, Format Version 12.00
# Visual Studio Version 16
VisualStudioVersion = 16.0.28803.156
MinimumVisualStudioVersion = 10.0.40219.1
Project("{FAE04EC0-301F-11D3-BF4B-00C04F79EFBC}") = "PerformanceAnalyzer", "PerformanceAnalyzer\PerformanceAnalyzer.csproj", "{BA42287A-985C-463C-9D12-268A8463CAD6}"
EndProject
Global
	GlobalSection(SolutionConfigurationPlatforms) = preSolution
		Debug|Any CPU = Debug|Any CPU
		Release|Any CPU = Release|Any CPU
	EndGlobalSection
	GlobalSection(ProjectConfigurationPlatforms) = postSolution
		{BA42287A-985C-463C-9D12-268A8463CAD6}.Debug|Any CPU.ActiveCfg = Debug|Any CPU
		{BA42287A-985C-463C-9D12-268A8463CAD6}.Debug|Any CPU.Build.0 = Debug|Any CPU
		{BA42287A-985C-463C-9D12-268A8463CAD6}.Release|Any CPU.ActiveCfg = Release|Any CPU
		{BA42287A-985C-463C-9D12-268A8463CAD6}.Release|Any CPU.Build.0 = Release|Any CPU
	EndGlobalSection
	GlobalSection(SolutionProperties) = preSolution
		HideSolutionNode = FALSE
	EndGlobalSection
	GlobalSection(ExtensibilityGlobals) = postSolution
		SolutionGuid = {8BBB3859-7B0F-4FD4-872D-4EA10CF2733C}
	EndGlobalSection
EndGlobal
